hash: 6bf0251da6ef2bf13652c1d9dad01bfa26e4a753bf9c462502667ed05c442b13
updated: 2017-01-17T11:22:53.206596201+02:00
imports:
- name: github.com/gorilla/websocket
  version: 3ab3a8b8831546bd18fd182c20687ca853b2bb13
- name: github.com/Sirupsen/logrus
  version: d26492970760ca5d33129d2d799e34be5c4782eb
- name: golang.org/x/sys
  version: d75a52659825e75fff6158388dddc6a5b04f9ba5
  subpackages:
  - unix
testImports: []
